
Microsoft Visual Studio Solution File, Format Version 12.00
# Visual Studio Version 17
VisualStudioVersion = 17.0.31629.42
MinimumVisualStudioVersion = 10.0.40219.1
Project("{9A19103F-16F7-4668-BE54-9A1E7A4F7556}") = "BancoAlimentar.AlimentaEstaIdeia.Web", "BancoAlimentar.AlimentaEstaIdeia.Web\BancoAlimentar.AlimentaEstaIdeia.Web.csproj", "{29D631D9-A7A4-48AC-BE21-6A68C6392735}"
EndProject
Project("{2150E333-8FDC-42A3-9474-1A3956D46DE8}") = "Pipeline", "Pipeline", "{9773A7CD-7A5D-4527-840A-10928BFFA288}"
	ProjectSection(SolutionItems) = preProject
		azure-pipeline-core.yml = azure-pipeline-core.yml
		azure-pipeline-selenium-ui-tests.yml = azure-pipeline-selenium-ui-tests.yml
	EndProjectSection
EndProject
Project("{9A19103F-16F7-4668-BE54-9A1E7A4F7556}") = "BancoAlimentar.AlimentaEstaIdeia.Model", "BancoAlimentar.AlimentaEstaIdeia.Model\BancoAlimentar.AlimentaEstaIdeia.Model.csproj", "{5CCB7AB1-E0B2-4D9A-ADAA-F0A2A63B02C7}"
EndProject
Project("{9A19103F-16F7-4668-BE54-9A1E7A4F7556}") = "BancoAlimentar.AlimentaEstaIdeia.Repository", "BancoAlimentar.AlimentaEstaIdeia.Repository\BancoAlimentar.AlimentaEstaIdeia.Repository.csproj", "{20142DDD-3642-4688-91C9-B77272ECE753}"
EndProject
Project("{2150E333-8FDC-42A3-9474-1A3956D46DE8}") = "Tests", "Tests", "{45FB6057-937E-4923-A434-44AA0E961722}"
EndProject
Project("{2150E333-8FDC-42A3-9474-1A3956D46DE8}") = "Tools", "Tools", "{FBCBF871-A943-4559-BD9B-1862231A457F}"
EndProject
Project("{9A19103F-16F7-4668-BE54-9A1E7A4F7556}") = "BancoAlimentar.AlimentaEstaIdeia.Tools", "BancoAlimentar.AlimentaEstaIdeia.Tools\BancoAlimentar.AlimentaEstaIdeia.Tools.csproj", "{A8E70B50-F7DC-4896-8A91-8CF6C533DBAC}"
EndProject
Project("{9A19103F-16F7-4668-BE54-9A1E7A4F7556}") = "BancoAlimentar.AlimentaEstaldeia.Web.Integration.Tests", "BancoAlimentar.AlimentaEstaldeia.Web.IntegrationTests\BancoAlimentar.AlimentaEstaldeia.Web.Integration.Tests.csproj", "{C7BA5DBF-2225-4935-81E7-43DAF75840D7}"
EndProject
Project("{9A19103F-16F7-4668-BE54-9A1E7A4F7556}") = "Paypal", "Paypal\Paypal.csproj", "{B89961D6-2589-44B9-BE0C-D29DF775278E}"
EndProject
Project("{9A19103F-16F7-4668-BE54-9A1E7A4F7556}") = "BancoAlimentar.AlimentaEstaIdeia.Repository.Tests", "BancoAlimentar.AlimentaEstaIdeia.Repository.Tests\BancoAlimentar.AlimentaEstaIdeia.Repository.Tests.csproj", "{2EE044BE-4C2B-4E00-B456-92339A397594}"
EndProject
Project("{2150E333-8FDC-42A3-9474-1A3956D46DE8}") = "Github", "Github", "{C1872928-4E9C-4898-9F83-B5019983A5BA}"
	ProjectSection(SolutionItems) = preProject
		.github\workflows\alimentestaideia.yaml = .github\workflows\alimentestaideia.yaml
	EndProjectSection
EndProject
Project("{9A19103F-16F7-4668-BE54-9A1E7A4F7556}") = "BancoAlimentar.AlimentaEstaIdeia.Function", "BancoAlimentar.AlimentaEstaIdeia.Function\BancoAlimentar.AlimentaEstaIdeia.Function.csproj", "{1204700B-AA18-44EA-94C9-7EE0B963D0BA}"
EndProject
Project("{9A19103F-16F7-4668-BE54-9A1E7A4F7556}") = "BancoAlimentar.AlimentaEstaIdeia.Sas.ConfigurationProvider", "BancoAlimentar.AlimentaEstaIdeia.Sas.ConfigurationProvider\BancoAlimentar.AlimentaEstaIdeia.Sas.ConfigurationProvider.csproj", "{15B62251-3F8C-4422-880C-58B3ADCFCB38}"
EndProject
Project("{2150E333-8FDC-42A3-9474-1A3956D46DE8}") = "Sas", "Sas", "{4A6FC157-2864-46B0-AC5A-AE7A84E36C0E}"
EndProject
Project("{9A19103F-16F7-4668-BE54-9A1E7A4F7556}") = "BancoAlimentar.AlimentaEstaIdeia.Sas.Core", "BancoAlimentar.AlimentaEstaIdeia.Sas.Core\BancoAlimentar.AlimentaEstaIdeia.Sas.Core.csproj", "{2A1F2618-71E7-4830-9563-A67DE5FB0DCE}"
EndProject
Project("{9A19103F-16F7-4668-BE54-9A1E7A4F7556}") = "BancoAlimentar.AlimentaEstaIdeia.Sas.Model", "BancoAlimentar.AlimentaEstaIdeia.Sas.Model\BancoAlimentar.AlimentaEstaIdeia.Sas.Model.csproj", "{460D7030-B4BE-4674-9D50-47291CA32778}"
EndProject
Project("{9A19103F-16F7-4668-BE54-9A1E7A4F7556}") = "BancoAlimentar.AlimentaEstaIdeia.Common", "BancoAlimentar.AlimentaEstaIdeia.Common\BancoAlimentar.AlimentaEstaIdeia.Common.csproj", "{511BD81D-BD18-42F0-AD6E-8A0D26D0D21D}"
EndProject
Project("{9A19103F-16F7-4668-BE54-9A1E7A4F7556}") = "BancoAlimentar.AlimentaEstaIdeia.Sas.Repository", "BancoAlimentar.AlimentaEstaIdeia.Sas.Repository\BancoAlimentar.AlimentaEstaIdeia.Sas.Repository.csproj", "{30C6DC32-5BFF-446E-B9CC-085567092000}"
EndProject
Project("{2150E333-8FDC-42A3-9474-1A3956D46DE8}") = "Tests", "Tests", "{F3412472-ED6A-4963-98D9-6DE272178D58}"
EndProject
Project("{9A19103F-16F7-4668-BE54-9A1E7A4F7556}") = "BancoAlimentar.AlimentaEstaIdeia.Sas.Core.Tests", "BancoAlimentar.AlimentaEstaIdeia.Sas.Core.Tests\BancoAlimentar.AlimentaEstaIdeia.Sas.Core.Tests.csproj", "{C26A01DA-6CBB-48C1-A43A-B688C0FF4233}"
EndProject
Project("{9A19103F-16F7-4668-BE54-9A1E7A4F7556}") = "BancoAlimentar.AlimentaEstaIdeia.Testing.Common", "BancoAlimentar.AlimentaEstaIdeia.Testing.Common\BancoAlimentar.AlimentaEstaIdeia.Testing.Common.csproj", "{4A2E0DAF-32E2-4064-9E20-DD2FEDF67768}"
EndProject
Project("{9A19103F-16F7-4668-BE54-9A1E7A4F7556}") = "BancoAlimentar.AlimentaEstaIdeia.Web.Selenium.UITest", "BancoAlimentar.AlimentaEstaIdeia.Web.SeleniumUITest\BancoAlimentar.AlimentaEstaIdeia.Web.Selenium.UITest.csproj", "{4AB9817C-F691-4A6A-9397-6DFEDE6BC167}"
EndProject
Project("{9A19103F-16F7-4668-BE54-9A1E7A4F7556}") = "BancoAlimentar.AlimentaEstaIdeia.Sas.Web.TenantManagement", "BancoAlimentar.AlimentaEstaIdeia.Sas.Web.TenantManagement\BancoAlimentar.AlimentaEstaIdeia.Sas.Web.TenantManagement.csproj", "{7D6D0AAD-A3B5-482A-AC3B-4C3C63DA881A}"
EndProject
Project("{9A19103F-16F7-4668-BE54-9A1E7A4F7556}") = "BancoAlimentar.AlimentaEstaIdeia.Web.EndToEndTests", "BancoAlimentar.AlimentaEstaIdeia.Web.EndToEndTests\BancoAlimentar.AlimentaEstaIdeia.Web.EndToEndTests.csproj", "{319A43DC-E092-4EC6-BFFC-92FEBD3777BF}"
EndProject
Global
	GlobalSection(SolutionConfigurationPlatforms) = preSolution
		Debug|Any CPU = Debug|Any CPU
		Release|Any CPU = Release|Any CPU
	EndGlobalSection
	GlobalSection(ProjectConfigurationPlatforms) = postSolution
		{29D631D9-A7A4-48AC-BE21-6A68C6392735}.Debug|Any CPU.ActiveCfg = Debug|Any CPU
		{29D631D9-A7A4-48AC-BE21-6A68C6392735}.Debug|Any CPU.Build.0 = Debug|Any CPU
		{29D631D9-A7A4-48AC-BE21-6A68C6392735}.Release|Any CPU.ActiveCfg = Release|Any CPU
		{29D631D9-A7A4-48AC-BE21-6A68C6392735}.Release|Any CPU.Build.0 = Release|Any CPU
		{5CCB7AB1-E0B2-4D9A-ADAA-F0A2A63B02C7}.Debug|Any CPU.ActiveCfg = Debug|Any CPU
		{5CCB7AB1-E0B2-4D9A-ADAA-F0A2A63B02C7}.Debug|Any CPU.Build.0 = Debug|Any CPU
		{5CCB7AB1-E0B2-4D9A-ADAA-F0A2A63B02C7}.Release|Any CPU.ActiveCfg = Release|Any CPU
		{5CCB7AB1-E0B2-4D9A-ADAA-F0A2A63B02C7}.Release|Any CPU.Build.0 = Release|Any CPU
		{20142DDD-3642-4688-91C9-B77272ECE753}.Debug|Any CPU.ActiveCfg = Debug|Any CPU
		{20142DDD-3642-4688-91C9-B77272ECE753}.Debug|Any CPU.Build.0 = Debug|Any CPU
		{20142DDD-3642-4688-91C9-B77272ECE753}.Release|Any CPU.ActiveCfg = Release|Any CPU
		{20142DDD-3642-4688-91C9-B77272ECE753}.Release|Any CPU.Build.0 = Release|Any CPU
		{A8E70B50-F7DC-4896-8A91-8CF6C533DBAC}.Debug|Any CPU.ActiveCfg = Debug|Any CPU
		{A8E70B50-F7DC-4896-8A91-8CF6C533DBAC}.Debug|Any CPU.Build.0 = Debug|Any CPU
		{A8E70B50-F7DC-4896-8A91-8CF6C533DBAC}.Release|Any CPU.ActiveCfg = Release|Any CPU
		{A8E70B50-F7DC-4896-8A91-8CF6C533DBAC}.Release|Any CPU.Build.0 = Release|Any CPU
		{C7BA5DBF-2225-4935-81E7-43DAF75840D7}.Debug|Any CPU.ActiveCfg = Debug|Any CPU
		{C7BA5DBF-2225-4935-81E7-43DAF75840D7}.Debug|Any CPU.Build.0 = Debug|Any CPU
		{C7BA5DBF-2225-4935-81E7-43DAF75840D7}.Release|Any CPU.ActiveCfg = Release|Any CPU
		{C7BA5DBF-2225-4935-81E7-43DAF75840D7}.Release|Any CPU.Build.0 = Release|Any CPU
		{B89961D6-2589-44B9-BE0C-D29DF775278E}.Debug|Any CPU.ActiveCfg = Debug|Any CPU
		{B89961D6-2589-44B9-BE0C-D29DF775278E}.Debug|Any CPU.Build.0 = Debug|Any CPU
		{B89961D6-2589-44B9-BE0C-D29DF775278E}.Release|Any CPU.ActiveCfg = Release|Any CPU
		{B89961D6-2589-44B9-BE0C-D29DF775278E}.Release|Any CPU.Build.0 = Release|Any CPU
		{2EE044BE-4C2B-4E00-B456-92339A397594}.Debug|Any CPU.ActiveCfg = Debug|Any CPU
		{2EE044BE-4C2B-4E00-B456-92339A397594}.Debug|Any CPU.Build.0 = Debug|Any CPU
		{2EE044BE-4C2B-4E00-B456-92339A397594}.Release|Any CPU.ActiveCfg = Release|Any CPU
		{2EE044BE-4C2B-4E00-B456-92339A397594}.Release|Any CPU.Build.0 = Release|Any CPU
		{1204700B-AA18-44EA-94C9-7EE0B963D0BA}.Debug|Any CPU.ActiveCfg = Debug|Any CPU
		{1204700B-AA18-44EA-94C9-7EE0B963D0BA}.Debug|Any CPU.Build.0 = Debug|Any CPU
		{1204700B-AA18-44EA-94C9-7EE0B963D0BA}.Release|Any CPU.ActiveCfg = Release|Any CPU
		{1204700B-AA18-44EA-94C9-7EE0B963D0BA}.Release|Any CPU.Build.0 = Release|Any CPU
		{15B62251-3F8C-4422-880C-58B3ADCFCB38}.Debug|Any CPU.ActiveCfg = Debug|Any CPU
		{15B62251-3F8C-4422-880C-58B3ADCFCB38}.Debug|Any CPU.Build.0 = Debug|Any CPU
		{15B62251-3F8C-4422-880C-58B3ADCFCB38}.Release|Any CPU.ActiveCfg = Release|Any CPU
		{15B62251-3F8C-4422-880C-58B3ADCFCB38}.Release|Any CPU.Build.0 = Release|Any CPU
		{2A1F2618-71E7-4830-9563-A67DE5FB0DCE}.Debug|Any CPU.ActiveCfg = Debug|Any CPU
		{2A1F2618-71E7-4830-9563-A67DE5FB0DCE}.Debug|Any CPU.Build.0 = Debug|Any CPU
		{2A1F2618-71E7-4830-9563-A67DE5FB0DCE}.Release|Any CPU.ActiveCfg = Release|Any CPU
		{2A1F2618-71E7-4830-9563-A67DE5FB0DCE}.Release|Any CPU.Build.0 = Release|Any CPU
		{460D7030-B4BE-4674-9D50-47291CA32778}.Debug|Any CPU.ActiveCfg = Debug|Any CPU
		{460D7030-B4BE-4674-9D50-47291CA32778}.Debug|Any CPU.Build.0 = Debug|Any CPU
		{460D7030-B4BE-4674-9D50-47291CA32778}.Release|Any CPU.ActiveCfg = Release|Any CPU
		{460D7030-B4BE-4674-9D50-47291CA32778}.Release|Any CPU.Build.0 = Release|Any CPU
		{511BD81D-BD18-42F0-AD6E-8A0D26D0D21D}.Debug|Any CPU.ActiveCfg = Debug|Any CPU
		{511BD81D-BD18-42F0-AD6E-8A0D26D0D21D}.Debug|Any CPU.Build.0 = Debug|Any CPU
		{511BD81D-BD18-42F0-AD6E-8A0D26D0D21D}.Release|Any CPU.ActiveCfg = Release|Any CPU
		{511BD81D-BD18-42F0-AD6E-8A0D26D0D21D}.Release|Any CPU.Build.0 = Release|Any CPU
		{30C6DC32-5BFF-446E-B9CC-085567092000}.Debug|Any CPU.ActiveCfg = Debug|Any CPU
		{30C6DC32-5BFF-446E-B9CC-085567092000}.Debug|Any CPU.Build.0 = Debug|Any CPU
		{30C6DC32-5BFF-446E-B9CC-085567092000}.Release|Any CPU.ActiveCfg = Release|Any CPU
		{30C6DC32-5BFF-446E-B9CC-085567092000}.Release|Any CPU.Build.0 = Release|Any CPU
		{C26A01DA-6CBB-48C1-A43A-B688C0FF4233}.Debug|Any CPU.ActiveCfg = Debug|Any CPU
		{C26A01DA-6CBB-48C1-A43A-B688C0FF4233}.Debug|Any CPU.Build.0 = Debug|Any CPU
		{C26A01DA-6CBB-48C1-A43A-B688C0FF4233}.Release|Any CPU.ActiveCfg = Release|Any CPU
		{C26A01DA-6CBB-48C1-A43A-B688C0FF4233}.Release|Any CPU.Build.0 = Release|Any CPU
		{4A2E0DAF-32E2-4064-9E20-DD2FEDF67768}.Debug|Any CPU.ActiveCfg = Debug|Any CPU
		{4A2E0DAF-32E2-4064-9E20-DD2FEDF67768}.Debug|Any CPU.Build.0 = Debug|Any CPU
		{4A2E0DAF-32E2-4064-9E20-DD2FEDF67768}.Release|Any CPU.ActiveCfg = Release|Any CPU
		{4A2E0DAF-32E2-4064-9E20-DD2FEDF67768}.Release|Any CPU.Build.0 = Release|Any CPU
		{4AB9817C-F691-4A6A-9397-6DFEDE6BC167}.Debug|Any CPU.ActiveCfg = Debug|Any CPU
		{4AB9817C-F691-4A6A-9397-6DFEDE6BC167}.Debug|Any CPU.Build.0 = Debug|Any CPU
		{4AB9817C-F691-4A6A-9397-6DFEDE6BC167}.Release|Any CPU.ActiveCfg = Release|Any CPU
		{4AB9817C-F691-4A6A-9397-6DFEDE6BC167}.Release|Any CPU.Build.0 = Release|Any CPU
		{7D6D0AAD-A3B5-482A-AC3B-4C3C63DA881A}.Debug|Any CPU.ActiveCfg = Debug|Any CPU
		{7D6D0AAD-A3B5-482A-AC3B-4C3C63DA881A}.Debug|Any CPU.Build.0 = Debug|Any CPU
		{7D6D0AAD-A3B5-482A-AC3B-4C3C63DA881A}.Release|Any CPU.ActiveCfg = Release|Any CPU
		{7D6D0AAD-A3B5-482A-AC3B-4C3C63DA881A}.Release|Any CPU.Build.0 = Release|Any CPU
		{319A43DC-E092-4EC6-BFFC-92FEBD3777BF}.Debug|Any CPU.ActiveCfg = Debug|Any CPU
		{319A43DC-E092-4EC6-BFFC-92FEBD3777BF}.Debug|Any CPU.Build.0 = Debug|Any CPU
		{319A43DC-E092-4EC6-BFFC-92FEBD3777BF}.Release|Any CPU.ActiveCfg = Release|Any CPU
		{319A43DC-E092-4EC6-BFFC-92FEBD3777BF}.Release|Any CPU.Build.0 = Release|Any CPU
	EndGlobalSection
	GlobalSection(SolutionProperties) = preSolution
		HideSolutionNode = FALSE
	EndGlobalSection
	GlobalSection(NestedProjects) = preSolution
		{A8E70B50-F7DC-4896-8A91-8CF6C533DBAC} = {FBCBF871-A943-4559-BD9B-1862231A457F}
		{C7BA5DBF-2225-4935-81E7-43DAF75840D7} = {45FB6057-937E-4923-A434-44AA0E961722}
		{2EE044BE-4C2B-4E00-B456-92339A397594} = {45FB6057-937E-4923-A434-44AA0E961722}
		{1204700B-AA18-44EA-94C9-7EE0B963D0BA} = {FBCBF871-A943-4559-BD9B-1862231A457F}
		{15B62251-3F8C-4422-880C-58B3ADCFCB38} = {4A6FC157-2864-46B0-AC5A-AE7A84E36C0E}
		{2A1F2618-71E7-4830-9563-A67DE5FB0DCE} = {4A6FC157-2864-46B0-AC5A-AE7A84E36C0E}
		{460D7030-B4BE-4674-9D50-47291CA32778} = {4A6FC157-2864-46B0-AC5A-AE7A84E36C0E}
		{30C6DC32-5BFF-446E-B9CC-085567092000} = {4A6FC157-2864-46B0-AC5A-AE7A84E36C0E}
		{F3412472-ED6A-4963-98D9-6DE272178D58} = {4A6FC157-2864-46B0-AC5A-AE7A84E36C0E}
		{C26A01DA-6CBB-48C1-A43A-B688C0FF4233} = {F3412472-ED6A-4963-98D9-6DE272178D58}
		{4A2E0DAF-32E2-4064-9E20-DD2FEDF67768} = {45FB6057-937E-4923-A434-44AA0E961722}
		{4AB9817C-F691-4A6A-9397-6DFEDE6BC167} = {45FB6057-937E-4923-A434-44AA0E961722}
		{7D6D0AAD-A3B5-482A-AC3B-4C3C63DA881A} = {4A6FC157-2864-46B0-AC5A-AE7A84E36C0E}
		{319A43DC-E092-4EC6-BFFC-92FEBD3777BF} = {45FB6057-937E-4923-A434-44AA0E961722}
	EndGlobalSection
	GlobalSection(ExtensibilityGlobals) = postSolution
		SolutionGuid = {A2FA89D7-CB04-426E-A6AD-E1346C3638E8}
		RESX_NeutralResourcesLanguage = pt-PT
	EndGlobalSection
EndGlobal
