
Microsoft Visual Studio Solution File, Format Version 12.00
# Visual Studio Version 16
VisualStudioVersion = 16.0.31317.239
MinimumVisualStudioVersion = 10.0.40219.1
Project("{9A19103F-16F7-4668-BE54-9A1E7A4F7556}") = "BancoAlimentar.AlimentaEstaIdeia.Web", "BancoAlimentar.AlimentaEstaIdeia.Web\BancoAlimentar.AlimentaEstaIdeia.Web.csproj", "{29D631D9-A7A4-48AC-BE21-6A68C6392735}"
EndProject
Project("{2150E333-8FDC-42A3-9474-1A3956D46DE8}") = "Pipeline", "Pipeline", "{9773A7CD-7A5D-4527-840A-10928BFFA288}"
	ProjectSection(SolutionItems) = preProject
		azure-pipeline-core.yml = azure-pipeline-core.yml
	EndProjectSection
EndProject
Project("{9A19103F-16F7-4668-BE54-9A1E7A4F7556}") = "BancoAlimentar.AlimentaEstaIdeia.Model", "BancoAlimentar.AlimentaEstaIdeia.Model\BancoAlimentar.AlimentaEstaIdeia.Model.csproj", "{5CCB7AB1-E0B2-4D9A-ADAA-F0A2A63B02C7}"
EndProject
Project("{9A19103F-16F7-4668-BE54-9A1E7A4F7556}") = "BancoAlimentar.AlimentaEstaIdeia.Repository", "BancoAlimentar.AlimentaEstaIdeia.Repository\BancoAlimentar.AlimentaEstaIdeia.Repository.csproj", "{20142DDD-3642-4688-91C9-B77272ECE753}"
EndProject
Project("{9A19103F-16F7-4668-BE54-9A1E7A4F7556}") = "BancoAlimentar.AlimentaEstaIdeia.RepositoryTests", "BancoAlimentar.AlimentaEstaIdeia.RepositoryTests\BancoAlimentar.AlimentaEstaIdeia.RepositoryTests.csproj", "{B364EF74-BBC6-42B3-ADEF-DDA36A39C415}"
EndProject
Project("{2150E333-8FDC-42A3-9474-1A3956D46DE8}") = "Tests", "Tests", "{45FB6057-937E-4923-A434-44AA0E961722}"
EndProject
Project("{9A19103F-16F7-4668-BE54-9A1E7A4F7556}") = "BancoAlimentar.AlimentaEstaIdeia.WebTests", "BancoAlimentar.AlimentaEstaIdeia.WebTests\BancoAlimentar.AlimentaEstaIdeia.WebTests.csproj", "{0F953E0D-E81B-4560-BE2F-68500C23108D}"
EndProject
Global
	GlobalSection(SolutionConfigurationPlatforms) = preSolution
		Debug|Any CPU = Debug|Any CPU
		Release|Any CPU = Release|Any CPU
	EndGlobalSection
	GlobalSection(ProjectConfigurationPlatforms) = postSolution
		{29D631D9-A7A4-48AC-BE21-6A68C6392735}.Debug|Any CPU.ActiveCfg = Debug|Any CPU
		{29D631D9-A7A4-48AC-BE21-6A68C6392735}.Debug|Any CPU.Build.0 = Debug|Any CPU
		{29D631D9-A7A4-48AC-BE21-6A68C6392735}.Release|Any CPU.ActiveCfg = Release|Any CPU
		{29D631D9-A7A4-48AC-BE21-6A68C6392735}.Release|Any CPU.Build.0 = Release|Any CPU
		{5CCB7AB1-E0B2-4D9A-ADAA-F0A2A63B02C7}.Debug|Any CPU.ActiveCfg = Debug|Any CPU
		{5CCB7AB1-E0B2-4D9A-ADAA-F0A2A63B02C7}.Debug|Any CPU.Build.0 = Debug|Any CPU
		{5CCB7AB1-E0B2-4D9A-ADAA-F0A2A63B02C7}.Release|Any CPU.ActiveCfg = Release|Any CPU
		{5CCB7AB1-E0B2-4D9A-ADAA-F0A2A63B02C7}.Release|Any CPU.Build.0 = Release|Any CPU
		{20142DDD-3642-4688-91C9-B77272ECE753}.Debug|Any CPU.ActiveCfg = Debug|Any CPU
		{20142DDD-3642-4688-91C9-B77272ECE753}.Debug|Any CPU.Build.0 = Debug|Any CPU
		{20142DDD-3642-4688-91C9-B77272ECE753}.Release|Any CPU.ActiveCfg = Release|Any CPU
		{20142DDD-3642-4688-91C9-B77272ECE753}.Release|Any CPU.Build.0 = Release|Any CPU
		{B364EF74-BBC6-42B3-ADEF-DDA36A39C415}.Debug|Any CPU.ActiveCfg = Debug|Any CPU
		{B364EF74-BBC6-42B3-ADEF-DDA36A39C415}.Debug|Any CPU.Build.0 = Debug|Any CPU
		{B364EF74-BBC6-42B3-ADEF-DDA36A39C415}.Release|Any CPU.ActiveCfg = Release|Any CPU
		{B364EF74-BBC6-42B3-ADEF-DDA36A39C415}.Release|Any CPU.Build.0 = Release|Any CPU
		{0F953E0D-E81B-4560-BE2F-68500C23108D}.Debug|Any CPU.ActiveCfg = Debug|Any CPU
		{0F953E0D-E81B-4560-BE2F-68500C23108D}.Debug|Any CPU.Build.0 = Debug|Any CPU
		{0F953E0D-E81B-4560-BE2F-68500C23108D}.Release|Any CPU.ActiveCfg = Release|Any CPU
		{0F953E0D-E81B-4560-BE2F-68500C23108D}.Release|Any CPU.Build.0 = Release|Any CPU
	EndGlobalSection
	GlobalSection(SolutionProperties) = preSolution
		HideSolutionNode = FALSE
	EndGlobalSection
	GlobalSection(NestedProjects) = preSolution
		{B364EF74-BBC6-42B3-ADEF-DDA36A39C415} = {45FB6057-937E-4923-A434-44AA0E961722}
		{0F953E0D-E81B-4560-BE2F-68500C23108D} = {45FB6057-937E-4923-A434-44AA0E961722}
	EndGlobalSection
	GlobalSection(ExtensibilityGlobals) = postSolution
		RESX_NeutralResourcesLanguage = pt-PT
		SolutionGuid = {A2FA89D7-CB04-426E-A6AD-E1346C3638E8}
	EndGlobalSection
EndGlobal
