
Microsoft Visual Studio Solution File, Format Version 12.00
# Visual Studio 15
VisualStudioVersion = 15.0.28010.2050
MinimumVisualStudioVersion = 10.0.40219.1
Project("{2150E333-8FDC-42A3-9474-1A3956D46DE8}") = "Keys", "Keys", "{225C8C75-072E-4A1D-BEEB-4639B2F36DEC}"
EndProject
Project("{2150E333-8FDC-42A3-9474-1A3956D46DE8}") = "Source", "Source", "{55414DDC-7432-41F4-8607-650A64116333}"
EndProject
Project("{2150E333-8FDC-42A3-9474-1A3956D46DE8}") = "Setup", "Setup", "{ECBD5847-DD03-4603-BE83-6860AAE887DB}"
EndProject
Project("{2150E333-8FDC-42A3-9474-1A3956D46DE8}") = "Web Sites", "Web Sites", "{3174F0CE-013F-4199-8222-4A355F2441F1}"
EndProject
Project("{2150E333-8FDC-42A3-9474-1A3956D46DE8}") = "Business Component", "Business Component", "{82D53F73-5605-4558-B6FA-600417441641}"
EndProject
Project("{2150E333-8FDC-42A3-9474-1A3956D46DE8}") = "Models", "Models", "{DE832D44-2B58-48FA-A7E9-95E5009DCA4E}"
EndProject
Project("{2150E333-8FDC-42A3-9474-1A3956D46DE8}") = "Tests", "Tests", "{44BA33D2-45CF-4813-9E55-5A57DD06B047}"
EndProject
Project("{2150E333-8FDC-42A3-9474-1A3956D46DE8}") = "Solution Items", "Solution Items", "{B89D6E97-6405-494E-B520-F6E98688A64A}"
EndProject
Project("{2150E333-8FDC-42A3-9474-1A3956D46DE8}") = "Library", "Library", "{D16548FB-5CD2-446B-97B7-079FC32C80B1}"
	ProjectSection(SolutionItems) = preProject
		Library\EntityFramework.dll = Library\EntityFramework.dll
		Library\Microsoft.AppFabricCAT.Samples.Azure.TransientFaultHandling.dll = Library\Microsoft.AppFabricCAT.Samples.Azure.TransientFaultHandling.dll
		Library\SDKPayline.dll = Library\SDKPayline.dll
		Library\System.Web.Helpers.dll = Library\System.Web.Helpers.dll
		Library\System.Web.Mvc.dll = Library\System.Web.Mvc.dll
		Library\System.Web.Razor.dll = Library\System.Web.Razor.dll
		Library\System.Web.WebPages.Deployment.dll = Library\System.Web.WebPages.Deployment.dll
		Library\WebMatrix.Data.dll = Library\WebMatrix.Data.dll
	EndProjectSection
EndProject
Project("{FAE04EC0-301F-11D3-BF4B-00C04F79EFBC}") = "Link.BA.Donate.Tests", "Tests\Link.BA.Donate.Tests\Link.BA.Donate.Tests.csproj", "{AAC548B6-63DD-4BD2-9A87-ABFB0B2F368E}"
EndProject
Project("{FAE04EC0-301F-11D3-BF4B-00C04F79EFBC}") = "Link.BA.Donate.Business", "Source\Business Component\Link.BA.Donate.Business\Link.BA.Donate.Business.csproj", "{AD7033D8-0CCE-4003-8CE9-73D738A04B8E}"
EndProject
Project("{FAE04EC0-301F-11D3-BF4B-00C04F79EFBC}") = "Link.BA.Donate.WebSite", "Source\Web Sites\Link.BA.Donate.WebSite\Link.BA.Donate.WebSite.csproj", "{4A60A309-AE67-4A11-B2C1-76DBADD93DEA}"
EndProject
Project("{FAE04EC0-301F-11D3-BF4B-00C04F79EFBC}") = "CaptchaMVC", "Source\Business Component\CapthaMVC\CaptchaMVC.csproj", "{6F685F9E-6667-40B5-9502-CCBEE2021070}"
EndProject
Project("{FAE04EC0-301F-11D3-BF4B-00C04F79EFBC}") = "CommonLibrary", "Source\Business Component\CommonLibrary\CommonLibrary.csproj", "{7F24A17B-E62E-4E94-971E-BA4A0811A2F6}"
EndProject
Project("{FAE04EC0-301F-11D3-BF4B-00C04F79EFBC}") = "Link.BA.Donate.Models", "Source\Models\Link.BA.Donate.Models\Link.BA.Donate.Models.csproj", "{A71776D6-C811-44C5-BCC6-46F092D820D9}"
EndProject
Global
	GlobalSection(SolutionConfigurationPlatforms) = preSolution
		Debug|Any CPU = Debug|Any CPU
		Debug|x64 = Debug|x64
		Debug|x86 = Debug|x86
		Release|Any CPU = Release|Any CPU
		Release|x64 = Release|x64
		Release|x86 = Release|x86
	EndGlobalSection
	GlobalSection(ProjectConfigurationPlatforms) = postSolution
		{AAC548B6-63DD-4BD2-9A87-ABFB0B2F368E}.Debug|Any CPU.ActiveCfg = Debug|Any CPU
		{AAC548B6-63DD-4BD2-9A87-ABFB0B2F368E}.Debug|x64.ActiveCfg = Debug|Any CPU
		{AAC548B6-63DD-4BD2-9A87-ABFB0B2F368E}.Debug|x64.Build.0 = Debug|Any CPU
		{AAC548B6-63DD-4BD2-9A87-ABFB0B2F368E}.Debug|x86.ActiveCfg = Debug|Any CPU
		{AAC548B6-63DD-4BD2-9A87-ABFB0B2F368E}.Debug|x86.Build.0 = Debug|Any CPU
		{AAC548B6-63DD-4BD2-9A87-ABFB0B2F368E}.Release|Any CPU.ActiveCfg = Release|Any CPU
		{AAC548B6-63DD-4BD2-9A87-ABFB0B2F368E}.Release|Any CPU.Build.0 = Release|Any CPU
		{AAC548B6-63DD-4BD2-9A87-ABFB0B2F368E}.Release|x64.ActiveCfg = Release|Any CPU
		{AAC548B6-63DD-4BD2-9A87-ABFB0B2F368E}.Release|x64.Build.0 = Release|Any CPU
		{AAC548B6-63DD-4BD2-9A87-ABFB0B2F368E}.Release|x86.ActiveCfg = Release|Any CPU
		{AAC548B6-63DD-4BD2-9A87-ABFB0B2F368E}.Release|x86.Build.0 = Release|Any CPU
		{AD7033D8-0CCE-4003-8CE9-73D738A04B8E}.Debug|Any CPU.ActiveCfg = Debug|Any CPU
		{AD7033D8-0CCE-4003-8CE9-73D738A04B8E}.Debug|Any CPU.Build.0 = Debug|Any CPU
		{AD7033D8-0CCE-4003-8CE9-73D738A04B8E}.Debug|x64.ActiveCfg = Debug|Any CPU
		{AD7033D8-0CCE-4003-8CE9-73D738A04B8E}.Debug|x64.Build.0 = Debug|Any CPU
		{AD7033D8-0CCE-4003-8CE9-73D738A04B8E}.Debug|x86.ActiveCfg = Debug|Any CPU
		{AD7033D8-0CCE-4003-8CE9-73D738A04B8E}.Debug|x86.Build.0 = Debug|Any CPU
		{AD7033D8-0CCE-4003-8CE9-73D738A04B8E}.Release|Any CPU.ActiveCfg = Release|Any CPU
		{AD7033D8-0CCE-4003-8CE9-73D738A04B8E}.Release|Any CPU.Build.0 = Release|Any CPU
		{AD7033D8-0CCE-4003-8CE9-73D738A04B8E}.Release|x64.ActiveCfg = Release|Any CPU
		{AD7033D8-0CCE-4003-8CE9-73D738A04B8E}.Release|x64.Build.0 = Release|Any CPU
		{AD7033D8-0CCE-4003-8CE9-73D738A04B8E}.Release|x86.ActiveCfg = Release|Any CPU
		{AD7033D8-0CCE-4003-8CE9-73D738A04B8E}.Release|x86.Build.0 = Release|Any CPU
		{4A60A309-AE67-4A11-B2C1-76DBADD93DEA}.Debug|Any CPU.ActiveCfg = Debug|Any CPU
		{4A60A309-AE67-4A11-B2C1-76DBADD93DEA}.Debug|Any CPU.Build.0 = Debug|Any CPU
		{4A60A309-AE67-4A11-B2C1-76DBADD93DEA}.Debug|x64.ActiveCfg = Debug|Any CPU
		{4A60A309-AE67-4A11-B2C1-76DBADD93DEA}.Debug|x64.Build.0 = Debug|Any CPU
		{4A60A309-AE67-4A11-B2C1-76DBADD93DEA}.Debug|x86.ActiveCfg = Debug|Any CPU
		{4A60A309-AE67-4A11-B2C1-76DBADD93DEA}.Debug|x86.Build.0 = Debug|Any CPU
		{4A60A309-AE67-4A11-B2C1-76DBADD93DEA}.Release|Any CPU.ActiveCfg = Release|Any CPU
		{4A60A309-AE67-4A11-B2C1-76DBADD93DEA}.Release|Any CPU.Build.0 = Release|Any CPU
		{4A60A309-AE67-4A11-B2C1-76DBADD93DEA}.Release|x64.ActiveCfg = Release|Any CPU
		{4A60A309-AE67-4A11-B2C1-76DBADD93DEA}.Release|x64.Build.0 = Release|Any CPU
		{4A60A309-AE67-4A11-B2C1-76DBADD93DEA}.Release|x86.ActiveCfg = Release|Any CPU
		{4A60A309-AE67-4A11-B2C1-76DBADD93DEA}.Release|x86.Build.0 = Release|Any CPU
		{6F685F9E-6667-40B5-9502-CCBEE2021070}.Debug|Any CPU.ActiveCfg = Debug|Any CPU
		{6F685F9E-6667-40B5-9502-CCBEE2021070}.Debug|Any CPU.Build.0 = Debug|Any CPU
		{6F685F9E-6667-40B5-9502-CCBEE2021070}.Debug|x64.ActiveCfg = Debug|Any CPU
		{6F685F9E-6667-40B5-9502-CCBEE2021070}.Debug|x64.Build.0 = Debug|Any CPU
		{6F685F9E-6667-40B5-9502-CCBEE2021070}.Debug|x86.ActiveCfg = Debug|Any CPU
		{6F685F9E-6667-40B5-9502-CCBEE2021070}.Debug|x86.Build.0 = Debug|Any CPU
		{6F685F9E-6667-40B5-9502-CCBEE2021070}.Release|Any CPU.ActiveCfg = Release|Any CPU
		{6F685F9E-6667-40B5-9502-CCBEE2021070}.Release|Any CPU.Build.0 = Release|Any CPU
		{6F685F9E-6667-40B5-9502-CCBEE2021070}.Release|x64.ActiveCfg = Release|Any CPU
		{6F685F9E-6667-40B5-9502-CCBEE2021070}.Release|x64.Build.0 = Release|Any CPU
		{6F685F9E-6667-40B5-9502-CCBEE2021070}.Release|x86.ActiveCfg = Release|Any CPU
		{6F685F9E-6667-40B5-9502-CCBEE2021070}.Release|x86.Build.0 = Release|Any CPU
		{7F24A17B-E62E-4E94-971E-BA4A0811A2F6}.Debug|Any CPU.ActiveCfg = Debug|Any CPU
		{7F24A17B-E62E-4E94-971E-BA4A0811A2F6}.Debug|Any CPU.Build.0 = Debug|Any CPU
		{7F24A17B-E62E-4E94-971E-BA4A0811A2F6}.Debug|x64.ActiveCfg = Debug|x64
		{7F24A17B-E62E-4E94-971E-BA4A0811A2F6}.Debug|x64.Build.0 = Debug|x64
		{7F24A17B-E62E-4E94-971E-BA4A0811A2F6}.Debug|x86.ActiveCfg = Debug|x86
		{7F24A17B-E62E-4E94-971E-BA4A0811A2F6}.Debug|x86.Build.0 = Debug|x86
		{7F24A17B-E62E-4E94-971E-BA4A0811A2F6}.Release|Any CPU.ActiveCfg = Release|Any CPU
		{7F24A17B-E62E-4E94-971E-BA4A0811A2F6}.Release|Any CPU.Build.0 = Release|Any CPU
		{7F24A17B-E62E-4E94-971E-BA4A0811A2F6}.Release|x64.ActiveCfg = Release|x64
		{7F24A17B-E62E-4E94-971E-BA4A0811A2F6}.Release|x64.Build.0 = Release|x64
		{7F24A17B-E62E-4E94-971E-BA4A0811A2F6}.Release|x86.ActiveCfg = Release|x86
		{7F24A17B-E62E-4E94-971E-BA4A0811A2F6}.Release|x86.Build.0 = Release|x86
		{A71776D6-C811-44C5-BCC6-46F092D820D9}.Debug|Any CPU.ActiveCfg = Debug|Any CPU
		{A71776D6-C811-44C5-BCC6-46F092D820D9}.Debug|Any CPU.Build.0 = Debug|Any CPU
		{A71776D6-C811-44C5-BCC6-46F092D820D9}.Debug|x64.ActiveCfg = Debug|Any CPU
		{A71776D6-C811-44C5-BCC6-46F092D820D9}.Debug|x64.Build.0 = Debug|Any CPU
		{A71776D6-C811-44C5-BCC6-46F092D820D9}.Debug|x86.ActiveCfg = Debug|Any CPU
		{A71776D6-C811-44C5-BCC6-46F092D820D9}.Debug|x86.Build.0 = Debug|Any CPU
		{A71776D6-C811-44C5-BCC6-46F092D820D9}.Release|Any CPU.ActiveCfg = Release|Any CPU
		{A71776D6-C811-44C5-BCC6-46F092D820D9}.Release|Any CPU.Build.0 = Release|Any CPU
		{A71776D6-C811-44C5-BCC6-46F092D820D9}.Release|x64.ActiveCfg = Release|Any CPU
		{A71776D6-C811-44C5-BCC6-46F092D820D9}.Release|x64.Build.0 = Release|Any CPU
		{A71776D6-C811-44C5-BCC6-46F092D820D9}.Release|x86.ActiveCfg = Release|Any CPU
		{A71776D6-C811-44C5-BCC6-46F092D820D9}.Release|x86.Build.0 = Release|Any CPU
	EndGlobalSection
	GlobalSection(SolutionProperties) = preSolution
		HideSolutionNode = FALSE
	EndGlobalSection
	GlobalSection(NestedProjects) = preSolution
		{3174F0CE-013F-4199-8222-4A355F2441F1} = {55414DDC-7432-41F4-8607-650A64116333}
		{82D53F73-5605-4558-B6FA-600417441641} = {55414DDC-7432-41F4-8607-650A64116333}
		{DE832D44-2B58-48FA-A7E9-95E5009DCA4E} = {55414DDC-7432-41F4-8607-650A64116333}
		{B89D6E97-6405-494E-B520-F6E98688A64A} = {44BA33D2-45CF-4813-9E55-5A57DD06B047}
		{AAC548B6-63DD-4BD2-9A87-ABFB0B2F368E} = {44BA33D2-45CF-4813-9E55-5A57DD06B047}
		{AD7033D8-0CCE-4003-8CE9-73D738A04B8E} = {82D53F73-5605-4558-B6FA-600417441641}
		{4A60A309-AE67-4A11-B2C1-76DBADD93DEA} = {3174F0CE-013F-4199-8222-4A355F2441F1}
		{6F685F9E-6667-40B5-9502-CCBEE2021070} = {82D53F73-5605-4558-B6FA-600417441641}
		{7F24A17B-E62E-4E94-971E-BA4A0811A2F6} = {82D53F73-5605-4558-B6FA-600417441641}
		{A71776D6-C811-44C5-BCC6-46F092D820D9} = {DE832D44-2B58-48FA-A7E9-95E5009DCA4E}
	EndGlobalSection
	GlobalSection(ExtensibilityGlobals) = postSolution
		SolutionGuid = {00AA8252-8B48-43F2-B695-8BE3CA083164}
	EndGlobalSection
	GlobalSection(TestCaseManagementSettings) = postSolution
		CategoryFile = Link.BA.Donate.vsmdi
	EndGlobalSection
EndGlobal
